// !$*UTF8*$!
{
	archiveVersion = 1;
	classes = {
	};
	objectVersion = 56;
	objects = {

/* Begin PBXBuildFile section */
		2513CFBA2ADBDBEE0042CC97 /* SimpleSystemNotificationApp.swift in Sources */ = {isa = PBXBuildFile; fileRef = 2513CFB92ADBDBEE0042CC97 /* SimpleSystemNotificationApp.swift */; };
		2513CFBC2ADBDBEE0042CC97 /* ContentView.swift in Sources */ = {isa = PBXBuildFile; fileRef = 2513CFBB2ADBDBEE0042CC97 /* ContentView.swift */; };
		2513CFBE2ADBDBF00042CC97 /* Assets.xcassets in Resources */ = {isa = PBXBuildFile; fileRef = 2513CFBD2ADBDBF00042CC97 /* Assets.xcassets */; };
		2513CFC12ADBDBF00042CC97 /* Preview Assets.xcassets in Resources */ = {isa = PBXBuildFile; fileRef = 2513CFC02ADBDBF00042CC97 /* Preview Assets.xcassets */; };
		2513CFCB2ADBDBF00042CC97 /* SimpleSystemNotificationTests.swift in Sources */ = {isa = PBXBuildFile; fileRef = 2513CFCA2ADBDBF00042CC97 /* SimpleSystemNotificationTests.swift */; };
		2513CFD52ADBDBF00042CC97 /* SimpleSystemNotificationUITests.swift in Sources */ = {isa = PBXBuildFile; fileRef = 2513CFD42ADBDBF00042CC97 /* SimpleSystemNotificationUITests.swift */; };
		2513CFD72ADBDBF00042CC97 /* SimpleSystemNotificationUITestsLaunchTests.swift in Sources */ = {isa = PBXBuildFile; fileRef = 2513CFD62ADBDBF00042CC97 /* SimpleSystemNotificationUITestsLaunchTests.swift */; };
/* End PBXBuildFile section */

/* Begin PBXContainerItemProxy section */
		2513CFC72ADBDBF00042CC97 /* PBXContainerItemProxy */ = {
			isa = PBXContainerItemProxy;
			containerPortal = 2513CFAE2ADBDBEE0042CC97 /* Project object */;
			proxyType = 1;
			remoteGlobalIDString = 2513CFB52ADBDBEE0042CC97;
			remoteInfo = SimpleSystemNotification;
		};
		2513CFD12ADBDBF00042CC97 /* PBXContainerItemProxy */ = {
			isa = PBXContainerItemProxy;
			containerPortal = 2513CFAE2ADBDBEE0042CC97 /* Project object */;
			proxyType = 1;
			remoteGlobalIDString = 2513CFB52ADBDBEE0042CC97;
			remoteInfo = SimpleSystemNotification;
		};
/* End PBXContainerItemProxy section */

/* Begin PBXFileReference section */
		2513CFB62ADBDBEE0042CC97 /* SimpleSystemNotification.app */ = {isa = PBXFileReference; explicitFileType = wrapper.application; includeInIndex = 0; path = SimpleSystemNotification.app; sourceTree = BUILT_PRODUCTS_DIR; };
		2513CFB92ADBDBEE0042CC97 /* SimpleSystemNotificationApp.swift */ = {isa = PBXFileReference; lastKnownFileType = sourcecode.swift; path = SimpleSystemNotificationApp.swift; sourceTree = "<group>"; };
		2513CFBB2ADBDBEE0042CC97 /* ContentView.swift */ = {isa = PBXFileReference; lastKnownFileType = sourcecode.swift; path = ContentView.swift; sourceTree = "<group>"; };
		2513CFBD2ADBDBF00042CC97 /* Assets.xcassets */ = {isa = PBXFileReference; lastKnownFileType = folder.assetcatalog; path = Assets.xcassets; sourceTree = "<group>"; };
		2513CFC02ADBDBF00042CC97 /* Preview Assets.xcassets */ = {isa = PBXFileReference; lastKnownFileType = folder.assetcatalog; path = "Preview Assets.xcassets"; sourceTree = "<group>"; };
		2513CFC62ADBDBF00042CC97 /* SimpleSystemNotificationTests.xctest */ = {isa = PBXFileReference; explicitFileType = wrapper.cfbundle; includeInIndex = 0; path = SimpleSystemNotificationTests.xctest; sourceTree = BUILT_PRODUCTS_DIR; };
		2513CFCA2ADBDBF00042CC97 /* SimpleSystemNotificationTests.swift */ = {isa = PBXFileReference; lastKnownFileType = sourcecode.swift; path = SimpleSystemNotificationTests.swift; sourceTree = "<group>"; };
		2513CFD02ADBDBF00042CC97 /* SimpleSystemNotificationUITests.xctest */ = {isa = PBXFileReference; explicitFileType = wrapper.cfbundle; includeInIndex = 0; path = SimpleSystemNotificationUITests.xctest; sourceTree = BUILT_PRODUCTS_DIR; };
		2513CFD42ADBDBF00042CC97 /* SimpleSystemNotificationUITests.swift */ = {isa = PBXFileReference; lastKnownFileType = sourcecode.swift; path = SimpleSystemNotificationUITests.swift; sourceTree = "<group>"; };
		2513CFD62ADBDBF00042CC97 /* SimpleSystemNotificationUITestsLaunchTests.swift */ = {isa = PBXFileReference; lastKnownFileType = sourcecode.swift; path = SimpleSystemNotificationUITestsLaunchTests.swift; sourceTree = "<group>"; };
/* End PBXFileReference section */

/* Begin PBXFrameworksBuildPhase section */
		2513CFB32ADBDBEE0042CC97 /* Frameworks */ = {
			isa = PBXFrameworksBuildPhase;
			buildActionMask = 2147483647;
			files = (
			);
			runOnlyForDeploymentPostprocessing = 0;
		};
		2513CFC32ADBDBF00042CC97 /* Frameworks */ = {
			isa = PBXFrameworksBuildPhase;
			buildActionMask = 2147483647;
			files = (
			);
			runOnlyForDeploymentPostprocessing = 0;
		};
		2513CFCD2ADBDBF00042CC97 /* Frameworks */ = {
			isa = PBXFrameworksBuildPhase;
			buildActionMask = 2147483647;
			files = (
			);
			runOnlyForDeploymentPostprocessing = 0;
		};
/* End PBXFrameworksBuildPhase section */

/* Begin PBXGroup section */
		2513CFAD2ADBDBEE0042CC97 = {
			isa = PBXGroup;
			children = (
				2513CFB82ADBDBEE0042CC97 /* SimpleSystemNotification */,
				2513CFC92ADBDBF00042CC97 /* SimpleSystemNotificationTests */,
				2513CFD32ADBDBF00042CC97 /* SimpleSystemNotificationUITests */,
				2513CFB72ADBDBEE0042CC97 /* Products */,
			);
			sourceTree = "<group>";
		};
		2513CFB72ADBDBEE0042CC97 /* Products */ = {
			isa = PBXGroup;
			children = (
				2513CFB62ADBDBEE0042CC97 /* SimpleSystemNotification.app */,
				2513CFC62ADBDBF00042CC97 /* SimpleSystemNotificationTests.xctest */,
				2513CFD02ADBDBF00042CC97 /* SimpleSystemNotificationUITests.xctest */,
			);
			name = Products;
			sourceTree = "<group>";
		};
		2513CFB82ADBDBEE0042CC97 /* SimpleSystemNotification */ = {
			isa = PBXGroup;
			children = (
				2513CFB92ADBDBEE0042CC97 /* SimpleSystemNotificationApp.swift */,
				2513CFBB2ADBDBEE0042CC97 /* ContentView.swift */,
				2513CFBD2ADBDBF00042CC97 /* Assets.xcassets */,
				2513CFBF2ADBDBF00042CC97 /* Preview Content */,
			);
			path = SimpleSystemNotification;
			sourceTree = "<group>";
		};
		2513CFBF2ADBDBF00042CC97 /* Preview Content */ = {
			isa = PBXGroup;
			children = (
				2513CFC02ADBDBF00042CC97 /* Preview Assets.xcassets */,
			);
			path = "Preview Content";
			sourceTree = "<group>";
		};
		2513CFC92ADBDBF00042CC97 /* SimpleSystemNotificationTests */ = {
			isa = PBXGroup;
			children = (
				2513CFCA2ADBDBF00042CC97 /* SimpleSystemNotificationTests.swift */,
			);
			path = SimpleSystemNotificationTests;
			sourceTree = "<group>";
		};
		2513CFD32ADBDBF00042CC97 /* SimpleSystemNotificationUITests */ = {
			isa = PBXGroup;
			children = (
				2513CFD42ADBDBF00042CC97 /* SimpleSystemNotificationUITests.swift */,
				2513CFD62ADBDBF00042CC97 /* SimpleSystemNotificationUITestsLaunchTests.swift */,
			);
			path = SimpleSystemNotificationUITests;
			sourceTree = "<group>";
		};
/* End PBXGroup section */

/* Begin PBXNativeTarget section */
		2513CFB52ADBDBEE0042CC97 /* SimpleSystemNotification */ = {
			isa = PBXNativeTarget;
			buildConfigurationList = 2513CFDA2ADBDBF00042CC97 /* Build configuration list for PBXNativeTarget "SimpleSystemNotification" */;
			buildPhases = (
				2513CFB22ADBDBEE0042CC97 /* Sources */,
				2513CFB32ADBDBEE0042CC97 /* Frameworks */,
				2513CFB42ADBDBEE0042CC97 /* Resources */,
			);
			buildRules = (
			);
			dependencies = (
			);
			name = SimpleSystemNotification;
			productName = SimpleSystemNotification;
			productReference = 2513CFB62ADBDBEE0042CC97 /* SimpleSystemNotification.app */;
			productType = "com.apple.product-type.application";
		};
		2513CFC52ADBDBF00042CC97 /* SimpleSystemNotificationTests */ = {
			isa = PBXNativeTarget;
			buildConfigurationList = 2513CFDD2ADBDBF00042CC97 /* Build configuration list for PBXNativeTarget "SimpleSystemNotificationTests" */;
			buildPhases = (
				2513CFC22ADBDBF00042CC97 /* Sources */,
				2513CFC32ADBDBF00042CC97 /* Frameworks */,
				2513CFC42ADBDBF00042CC97 /* Resources */,
			);
			buildRules = (
			);
			dependencies = (
				2513CFC82ADBDBF00042CC97 /* PBXTargetDependency */,
			);
			name = SimpleSystemNotificationTests;
			productName = SimpleSystemNotificationTests;
			productReference = 2513CFC62ADBDBF00042CC97 /* SimpleSystemNotificationTests.xctest */;
			productType = "com.apple.product-type.bundle.unit-test";
		};
		2513CFCF2ADBDBF00042CC97 /* SimpleSystemNotificationUITests */ = {
			isa = PBXNativeTarget;
			buildConfigurationList = 2513CFE02ADBDBF00042CC97 /* Build configuration list for PBXNativeTarget "SimpleSystemNotificationUITests" */;
			buildPhases = (
				2513CFCC2ADBDBF00042CC97 /* Sources */,
				2513CFCD2ADBDBF00042CC97 /* Frameworks */,
				2513CFCE2ADBDBF00042CC97 /* Resources */,
			);
			buildRules = (
			);
			dependencies = (
				2513CFD22ADBDBF00042CC97 /* PBXTargetDependency */,
			);
			name = SimpleSystemNotificationUITests;
			productName = SimpleSystemNotificationUITests;
			productReference = 2513CFD02ADBDBF00042CC97 /* SimpleSystemNotificationUITests.xctest */;
			productType = "com.apple.product-type.bundle.ui-testing";
		};
/* End PBXNativeTarget section */

/* Begin PBXProject section */
		2513CFAE2ADBDBEE0042CC97 /* Project object */ = {
			isa = PBXProject;
			attributes = {
				BuildIndependentTargetsInParallel = 1;
				LastSwiftUpdateCheck = 1500;
				LastUpgradeCheck = 1500;
				TargetAttributes = {
					2513CFB52ADBDBEE0042CC97 = {
						CreatedOnToolsVersion = 15.0;
					};
					2513CFC52ADBDBF00042CC97 = {
						CreatedOnToolsVersion = 15.0;
						TestTargetID = 2513CFB52ADBDBEE0042CC97;
					};
					2513CFCF2ADBDBF00042CC97 = {
						CreatedOnToolsVersion = 15.0;
						TestTargetID = 2513CFB52ADBDBEE0042CC97;
					};
				};
			};
			buildConfigurationList = 2513CFB12ADBDBEE0042CC97 /* Build configuration list for PBXProject "SimpleSystemNotification" */;
			compatibilityVersion = "Xcode 14.0";
			developmentRegion = en;
			hasScannedForEncodings = 0;
			knownRegions = (
				en,
				Base,
			);
			mainGroup = 2513CFAD2ADBDBEE0042CC97;
			productRefGroup = 2513CFB72ADBDBEE0042CC97 /* Products */;
			projectDirPath = "";
			projectRoot = "";
			targets = (
				2513CFB52ADBDBEE0042CC97 /* SimpleSystemNotification */,
				2513CFC52ADBDBF00042CC97 /* SimpleSystemNotificationTests */,
				2513CFCF2ADBDBF00042CC97 /* SimpleSystemNotificationUITests */,
			);
		};
/* End PBXProject section */

/* Begin PBXResourcesBuildPhase section */
		2513CFB42ADBDBEE0042CC97 /* Resources */ = {
			isa = PBXResourcesBuildPhase;
			buildActionMask = 2147483647;
			files = (
				2513CFC12ADBDBF00042CC97 /* Preview Assets.xcassets in Resources */,
				2513CFBE2ADBDBF00042CC97 /* Assets.xcassets in Resources */,
			);
			runOnlyForDeploymentPostprocessing = 0;
		};
		2513CFC42ADBDBF00042CC97 /* Resources */ = {
			isa = PBXResourcesBuildPhase;
			buildActionMask = 2147483647;
			files = (
			);
			runOnlyForDeploymentPostprocessing = 0;
		};
		2513CFCE2ADBDBF00042CC97 /* Resources */ = {
			isa = PBXResourcesBuildPhase;
			buildActionMask = 2147483647;
			files = (
			);
			runOnlyForDeploymentPostprocessing = 0;
		};
/* End PBXResourcesBuildPhase section */

/* Begin PBXSourcesBuildPhase section */
		2513CFB22ADBDBEE0042CC97 /* Sources */ = {
			isa = PBXSourcesBuildPhase;
			buildActionMask = 2147483647;
			files = (
				2513CFBC2ADBDBEE0042CC97 /* ContentView.swift in Sources */,
				2513CFBA2ADBDBEE0042CC97 /* SimpleSystemNotificationApp.swift in Sources */,
			);
			runOnlyForDeploymentPostprocessing = 0;
		};
		2513CFC22ADBDBF00042CC97 /* Sources */ = {
			isa = PBXSourcesBuildPhase;
			buildActionMask = 2147483647;
			files = (
				2513CFCB2ADBDBF00042CC97 /* SimpleSystemNotificationTests.swift in Sources */,
			);
			runOnlyForDeploymentPostprocessing = 0;
		};
		2513CFCC2ADBDBF00042CC97 /* Sources */ = {
			isa = PBXSourcesBuildPhase;
			buildActionMask = 2147483647;
			files = (
				2513CFD72ADBDBF00042CC97 /* SimpleSystemNotificationUITestsLaunchTests.swift in Sources */,
				2513CFD52ADBDBF00042CC97 /* SimpleSystemNotificationUITests.swift in Sources */,
			);
			runOnlyForDeploymentPostprocessing = 0;
		};
/* End PBXSourcesBuildPhase section */

/* Begin PBXTargetDependency section */
		2513CFC82ADBDBF00042CC97 /* PBXTargetDependency */ = {
			isa = PBXTargetDependency;
			target = 2513CFB52ADBDBEE0042CC97 /* SimpleSystemNotification */;
			targetProxy = 2513CFC72ADBDBF00042CC97 /* PBXContainerItemProxy */;
		};
		2513CFD22ADBDBF00042CC97 /* PBXTargetDependency */ = {
			isa = PBXTargetDependency;
			target = 2513CFB52ADBDBEE0042CC97 /* SimpleSystemNotification */;
			targetProxy = 2513CFD12ADBDBF00042CC97 /* PBXContainerItemProxy */;
		};
/* End PBXTargetDependency section */

/* Begin XCBuildConfiguration section */
		2513CFD82ADBDBF00042CC97 /* Debug */ = {
			isa = XCBuildConfiguration;
			buildSettings = {
				ALWAYS_SEARCH_USER_PATHS = NO;
				ASSETCATALOG_COMPILER_GENERATE_SWIFT_ASSET_SYMBOL_EXTENSIONS = YES;
				CLANG_ANALYZER_NONNULL = YES;
				CLANG_ANALYZER_NUMBER_OBJECT_CONVERSION = YES_AGGRESSIVE;
				CLANG_CXX_LANGUAGE_STANDARD = "gnu++20";
				CLANG_ENABLE_MODULES = YES;
				CLANG_ENABLE_OBJC_ARC = YES;
				CLANG_ENABLE_OBJC_WEAK = YES;
				CLANG_WARN_BLOCK_CAPTURE_AUTORELEASING = YES;
				CLANG_WARN_BOOL_CONVERSION = YES;
				CLANG_WARN_COMMA = YES;
				CLANG_WARN_CONSTANT_CONVERSION = YES;
				CLANG_WARN_DEPRECATED_OBJC_IMPLEMENTATIONS = YES;
				CLANG_WARN_DIRECT_OBJC_ISA_USAGE = YES_ERROR;
				CLANG_WARN_DOCUMENTATION_COMMENTS = YES;
				CLANG_WARN_EMPTY_BODY = YES;
				CLANG_WARN_ENUM_CONVERSION = YES;
				CLANG_WARN_INFINITE_RECURSION = YES;
				CLANG_WARN_INT_CONVERSION = YES;
				CLANG_WARN_NON_LITERAL_NULL_CONVERSION = YES;
				CLANG_WARN_OBJC_IMPLICIT_RETAIN_SELF = YES;
				CLANG_WARN_OBJC_LITERAL_CONVERSION = YES;
				CLANG_WARN_OBJC_ROOT_CLASS = YES_ERROR;
				CLANG_WARN_QUOTED_INCLUDE_IN_FRAMEWORK_HEADER = YES;
				CLANG_WARN_RANGE_LOOP_ANALYSIS = YES;
				CLANG_WARN_STRICT_PROTOTYPES = YES;
				CLANG_WARN_SUSPICIOUS_MOVE = YES;
				CLANG_WARN_UNGUARDED_AVAILABILITY = YES_AGGRESSIVE;
				CLANG_WARN_UNREACHABLE_CODE = YES;
				CLANG_WARN__DUPLICATE_METHOD_MATCH = YES;
				COPY_PHASE_STRIP = NO;
				DEBUG_INFORMATION_FORMAT = dwarf;
				ENABLE_STRICT_OBJC_MSGSEND = YES;
				ENABLE_TESTABILITY = YES;
				ENABLE_USER_SCRIPT_SANDBOXING = YES;
				GCC_C_LANGUAGE_STANDARD = gnu17;
				GCC_DYNAMIC_NO_PIC = NO;
				GCC_NO_COMMON_BLOCKS = YES;
				GCC_OPTIMIZATION_LEVEL = 0;
				GCC_PREPROCESSOR_DEFINITIONS = (
					"DEBUG=1",
					"$(inherited)",
				);
				GCC_WARN_64_TO_32_BIT_CONVERSION = YES;
				GCC_WARN_ABOUT_RETURN_TYPE = YES_ERROR;
				GCC_WARN_UNDECLARED_SELECTOR = YES;
				GCC_WARN_UNINITIALIZED_AUTOS = YES_AGGRESSIVE;
				GCC_WARN_UNUSED_FUNCTION = YES;
				GCC_WARN_UNUSED_VARIABLE = YES;
				IPHONEOS_DEPLOYMENT_TARGET = 17.0;
				LOCALIZATION_PREFERS_STRING_CATALOGS = YES;
				MTL_ENABLE_DEBUG_INFO = INCLUDE_SOURCE;
				MTL_FAST_MATH = YES;
				ONLY_ACTIVE_ARCH = YES;
				SDKROOT = iphoneos;
				SWIFT_ACTIVE_COMPILATION_CONDITIONS = "DEBUG $(inherited)";
				SWIFT_OPTIMIZATION_LEVEL = "-Onone";
			};
			name = Debug;
		};
		2513CFD92ADBDBF00042CC97 /* Release */ = {
			isa = XCBuildConfiguration;
			buildSettings = {
				ALWAYS_SEARCH_USER_PATHS = NO;
				ASSETCATALOG_COMPILER_GENERATE_SWIFT_ASSET_SYMBOL_EXTENSIONS = YES;
				CLANG_ANALYZER_NONNULL = YES;
				CLANG_ANALYZER_NUMBER_OBJECT_CONVERSION = YES_AGGRESSIVE;
				CLANG_CXX_LANGUAGE_STANDARD = "gnu++20";
				CLANG_ENABLE_MODULES = YES;
				CLANG_ENABLE_OBJC_ARC = YES;
				CLANG_ENABLE_OBJC_WEAK = YES;
				CLANG_WARN_BLOCK_CAPTURE_AUTORELEASING = YES;
				CLANG_WARN_BOOL_CONVERSION = YES;
				CLANG_WARN_COMMA = YES;
				CLANG_WARN_CONSTANT_CONVERSION = YES;
				CLANG_WARN_DEPRECATED_OBJC_IMPLEMENTATIONS = YES;
				CLANG_WARN_DIRECT_OBJC_ISA_USAGE = YES_ERROR;
				CLANG_WARN_DOCUMENTATION_COMMENTS = YES;
				CLANG_WARN_EMPTY_BODY = YES;
				CLANG_WARN_ENUM_CONVERSION = YES;
				CLANG_WARN_INFINITE_RECURSION = YES;
				CLANG_WARN_INT_CONVERSION = YES;
				CLANG_WARN_NON_LITERAL_NULL_CONVERSION = YES;
				CLANG_WARN_OBJC_IMPLICIT_RETAIN_SELF = YES;
				CLANG_WARN_OBJC_LITERAL_CONVERSION = YES;
				CLANG_WARN_OBJC_ROOT_CLASS = YES_ERROR;
				CLANG_WARN_QUOTED_INCLUDE_IN_FRAMEWORK_HEADER = YES;
				CLANG_WARN_RANGE_LOOP_ANALYSIS = YES;
				CLANG_WARN_STRICT_PROTOTYPES = YES;
				CLANG_WARN_SUSPICIOUS_MOVE = YES;
				CLANG_WARN_UNGUARDED_AVAILABILITY = YES_AGGRESSIVE;
				CLANG_WARN_UNREACHABLE_CODE = YES;
				CLANG_WARN__DUPLICATE_METHOD_MATCH = YES;
				COPY_PHASE_STRIP = NO;
				DEBUG_INFORMATION_FORMAT = "dwarf-with-dsym";
				ENABLE_NS_ASSERTIONS = NO;
				ENABLE_STRICT_OBJC_MSGSEND = YES;
				ENABLE_USER_SCRIPT_SANDBOXING = YES;
				GCC_C_LANGUAGE_STANDARD = gnu17;
				GCC_NO_COMMON_BLOCKS = YES;
				GCC_WARN_64_TO_32_BIT_CONVERSION = YES;
				GCC_WARN_ABOUT_RETURN_TYPE = YES_ERROR;
				GCC_WARN_UNDECLARED_SELECTOR = YES;
				GCC_WARN_UNINITIALIZED_AUTOS = YES_AGGRESSIVE;
				GCC_WARN_UNUSED_FUNCTION = YES;
				GCC_WARN_UNUSED_VARIABLE = YES;
				IPHONEOS_DEPLOYMENT_TARGET = 17.0;
				LOCALIZATION_PREFERS_STRING_CATALOGS = YES;
				MTL_ENABLE_DEBUG_INFO = NO;
				MTL_FAST_MATH = YES;
				SDKROOT = iphoneos;
				SWIFT_COMPILATION_MODE = wholemodule;
				VALIDATE_PRODUCT = YES;
			};
			name = Release;
		};
		2513CFDB2ADBDBF00042CC97 /* Debug */ = {
			isa = XCBuildConfiguration;
			buildSettings = {
				ASSETCATALOG_COMPILER_APPICON_NAME = AppIcon;
				ASSETCATALOG_COMPILER_GLOBAL_ACCENT_COLOR_NAME = AccentColor;
				CODE_SIGN_STYLE = Automatic;
				CURRENT_PROJECT_VERSION = 1;
				DEVELOPMENT_ASSET_PATHS = "\"SimpleSystemNotification/Preview Content\"";
				ENABLE_PREVIEWS = YES;
				GENERATE_INFOPLIST_FILE = YES;
				INFOPLIST_KEY_UIApplicationSceneManifest_Generation = YES;
				INFOPLIST_KEY_UIApplicationSupportsIndirectInputEvents = YES;
				INFOPLIST_KEY_UILaunchScreen_Generation = YES;
				INFOPLIST_KEY_UISupportedInterfaceOrientations_iPad = "UIInterfaceOrientationPortrait UIInterfaceOrientationPortraitUpsideDown UIInterfaceOrientationLandscapeLeft UIInterfaceOrientationLandscapeRight";
				INFOPLIST_KEY_UISupportedInterfaceOrientations_iPhone = "UIInterfaceOrientationPortrait UIInterfaceOrientationLandscapeLeft UIInterfaceOrientationLandscapeRight";
				LD_RUNPATH_SEARCH_PATHS = (
					"$(inherited)",
					"@executable_path/Frameworks",
				);
				MARKETING_VERSION = 1.0;
				PRODUCT_BUNDLE_IDENTIFIER = kmikec20.SimpleSystemNotification;
				PRODUCT_NAME = "$(TARGET_NAME)";
				SWIFT_EMIT_LOC_STRINGS = YES;
				SWIFT_VERSION = 5.0;
				TARGETED_DEVICE_FAMILY = "1,2";
			};
			name = Debug;
		};
		2513CFDC2ADBDBF00042CC97 /* Release */ = {
			isa = XCBuildConfiguration;
			buildSettings = {
				ASSETCATALOG_COMPILER_APPICON_NAME = AppIcon;
				ASSETCATALOG_COMPILER_GLOBAL_ACCENT_COLOR_NAME = AccentColor;
				CODE_SIGN_STYLE = Automatic;
				CURRENT_PROJECT_VERSION = 1;
				DEVELOPMENT_ASSET_PATHS = "\"SimpleSystemNotification/Preview Content\"";
				ENABLE_PREVIEWS = YES;
				GENERATE_INFOPLIST_FILE = YES;
				INFOPLIST_KEY_UIApplicationSceneManifest_Generation = YES;
				INFOPLIST_KEY_UIApplicationSupportsIndirectInputEvents = YES;
				INFOPLIST_KEY_UILaunchScreen_Generation = YES;
				INFOPLIST_KEY_UISupportedInterfaceOrientations_iPad = "UIInterfaceOrientationPortrait UIInterfaceOrientationPortraitUpsideDown UIInterfaceOrientationLandscapeLeft UIInterfaceOrientationLandscapeRight";
				INFOPLIST_KEY_UISupportedInterfaceOrientations_iPhone = "UIInterfaceOrientationPortrait UIInterfaceOrientationLandscapeLeft UIInterfaceOrientationLandscapeRight";
				LD_RUNPATH_SEARCH_PATHS = (
					"$(inherited)",
					"@executable_path/Frameworks",
				);
				MARKETING_VERSION = 1.0;
				PRODUCT_BUNDLE_IDENTIFIER = kmikec20.SimpleSystemNotification;
				PRODUCT_NAME = "$(TARGET_NAME)";
				SWIFT_EMIT_LOC_STRINGS = YES;
				SWIFT_VERSION = 5.0;
				TARGETED_DEVICE_FAMILY = "1,2";
			};
			name = Release;
		};
		2513CFDE2ADBDBF00042CC97 /* Debug */ = {
			isa = XCBuildConfiguration;
			buildSettings = {
				ALWAYS_EMBED_SWIFT_STANDARD_LIBRARIES = YES;
				BUNDLE_LOADER = "$(TEST_HOST)";
				CODE_SIGN_STYLE = Automatic;
				CURRENT_PROJECT_VERSION = 1;
				GENERATE_INFOPLIST_FILE = YES;
				IPHONEOS_DEPLOYMENT_TARGET = 17.0;
				MARKETING_VERSION = 1.0;
				PRODUCT_BUNDLE_IDENTIFIER = kmikec20.SimpleSystemNotificationTests;
				PRODUCT_NAME = "$(TARGET_NAME)";
				SWIFT_EMIT_LOC_STRINGS = NO;
				SWIFT_VERSION = 5.0;
				TARGETED_DEVICE_FAMILY = "1,2";
				TEST_HOST = "$(BUILT_PRODUCTS_DIR)/SimpleSystemNotification.app/$(BUNDLE_EXECUTABLE_FOLDER_PATH)/SimpleSystemNotification";
			};
			name = Debug;
		};
		2513CFDF2ADBDBF00042CC97 /* Release */ = {
			isa = XCBuildConfiguration;
			buildSettings = {
				ALWAYS_EMBED_SWIFT_STANDARD_LIBRARIES = YES;
				BUNDLE_LOADER = "$(TEST_HOST)";
				CODE_SIGN_STYLE = Automatic;
				CURRENT_PROJECT_VERSION = 1;
				GENERATE_INFOPLIST_FILE = YES;
				IPHONEOS_DEPLOYMENT_TARGET = 17.0;
				MARKETING_VERSION = 1.0;
				PRODUCT_BUNDLE_IDENTIFIER = kmikec20.SimpleSystemNotificationTests;
				PRODUCT_NAME = "$(TARGET_NAME)";
				SWIFT_EMIT_LOC_STRINGS = NO;
				SWIFT_VERSION = 5.0;
				TARGETED_DEVICE_FAMILY = "1,2";
				TEST_HOST = "$(BUILT_PRODUCTS_DIR)/SimpleSystemNotification.app/$(BUNDLE_EXECUTABLE_FOLDER_PATH)/SimpleSystemNotification";
			};
			name = Release;
		};
		2513CFE12ADBDBF00042CC97 /* Debug */ = {
			isa = XCBuildConfiguration;
			buildSettings = {
				ALWAYS_EMBED_SWIFT_STANDARD_LIBRARIES = YES;
				CODE_SIGN_STYLE = Automatic;
				CURRENT_PROJECT_VERSION = 1;
				GENERATE_INFOPLIST_FILE = YES;
				MARKETING_VERSION = 1.0;
				PRODUCT_BUNDLE_IDENTIFIER = kmikec20.SimpleSystemNotificationUITests;
				PRODUCT_NAME = "$(TARGET_NAME)";
				SWIFT_EMIT_LOC_STRINGS = NO;
				SWIFT_VERSION = 5.0;
				TARGETED_DEVICE_FAMILY = "1,2";
				TEST_TARGET_NAME = SimpleSystemNotification;
			};
			name = Debug;
		};
		2513CFE22ADBDBF00042CC97 /* Release */ = {
			isa = XCBuildConfiguration;
			buildSettings = {
				ALWAYS_EMBED_SWIFT_STANDARD_LIBRARIES = YES;
				CODE_SIGN_STYLE = Automatic;
				CURRENT_PROJECT_VERSION = 1;
				GENERATE_INFOPLIST_FILE = YES;
				MARKETING_VERSION = 1.0;
				PRODUCT_BUNDLE_IDENTIFIER = kmikec20.SimpleSystemNotificationUITests;
				PRODUCT_NAME = "$(TARGET_NAME)";
				SWIFT_EMIT_LOC_STRINGS = NO;
				SWIFT_VERSION = 5.0;
				TARGETED_DEVICE_FAMILY = "1,2";
				TEST_TARGET_NAME = SimpleSystemNotification;
			};
			name = Release;
		};
/* End XCBuildConfiguration section */

/* Begin XCConfigurationList section */
		2513CFB12ADBDBEE0042CC97 /* Build configuration list for PBXProject "SimpleSystemNotification" */ = {
			isa = XCConfigurationList;
			buildConfigurations = (
				2513CFD82ADBDBF00042CC97 /* Debug */,
				2513CFD92ADBDBF00042CC97 /* Release */,
			);
			defaultConfigurationIsVisible = 0;
			defaultConfigurationName = Release;
		};
		2513CFDA2ADBDBF00042CC97 /* Build configuration list for PBXNativeTarget "SimpleSystemNotification" */ = {
			isa = XCConfigurationList;
			buildConfigurations = (
				2513CFDB2ADBDBF00042CC97 /* Debug */,
				2513CFDC2ADBDBF00042CC97 /* Release */,
			);
			defaultConfigurationIsVisible = 0;
			defaultConfigurationName = Release;
		};
		2513CFDD2ADBDBF00042CC97 /* Build configuration list for PBXNativeTarget "SimpleSystemNotificationTests" */ = {
			isa = XCConfigurationList;
			buildConfigurations = (
				2513CFDE2ADBDBF00042CC97 /* Debug */,
				2513CFDF2ADBDBF00042CC97 /* Release */,
			);
			defaultConfigurationIsVisible = 0;
			defaultConfigurationName = Release;
		};
		2513CFE02ADBDBF00042CC97 /* Build configuration list for PBXNativeTarget "SimpleSystemNotificationUITests" */ = {
			isa = XCConfigurationList;
			buildConfigurations = (
				2513CFE12ADBDBF00042CC97 /* Debug */,
				2513CFE22ADBDBF00042CC97 /* Release */,
			);
			defaultConfigurationIsVisible = 0;
			defaultConfigurationName = Release;
		};
/* End XCConfigurationList section */
	};
	rootObject = 2513CFAE2ADBDBEE0042CC97 /* Project object */;
}
