// !$*UTF8*$!
{
	archiveVersion = 1;
	classes = {
	};
	objectVersion = 56;
	objects = {

/* Begin PBXBuildFile section */
		25F28FF82ADB14240072D9F4 /* FloatingActionButtonApp.swift in Sources */ = {isa = PBXBuildFile; fileRef = 25F28FF72ADB14240072D9F4 /* FloatingActionButtonApp.swift */; };
		25F28FFA2ADB14240072D9F4 /* ContentView.swift in Sources */ = {isa = PBXBuildFile; fileRef = 25F28FF92ADB14240072D9F4 /* ContentView.swift */; };
		25F28FFC2ADB14260072D9F4 /* Assets.xcassets in Resources */ = {isa = PBXBuildFile; fileRef = 25F28FFB2ADB14260072D9F4 /* Assets.xcassets */; };
		25F28FFF2ADB14260072D9F4 /* Preview Assets.xcassets in Resources */ = {isa = PBXBuildFile; fileRef = 25F28FFE2ADB14260072D9F4 /* Preview Assets.xcassets */; };
		25F290092ADB14260072D9F4 /* FloatingActionButtonTests.swift in Sources */ = {isa = PBXBuildFile; fileRef = 25F290082ADB14260072D9F4 /* FloatingActionButtonTests.swift */; };
		25F290132ADB14260072D9F4 /* FloatingActionButtonUITests.swift in Sources */ = {isa = PBXBuildFile; fileRef = 25F290122ADB14260072D9F4 /* FloatingActionButtonUITests.swift */; };
		25F290152ADB14260072D9F4 /* FloatingActionButtonUITestsLaunchTests.swift in Sources */ = {isa = PBXBuildFile; fileRef = 25F290142ADB14260072D9F4 /* FloatingActionButtonUITestsLaunchTests.swift */; };
/* End PBXBuildFile section */

/* Begin PBXContainerItemProxy section */
		25F290052ADB14260072D9F4 /* PBXContainerItemProxy */ = {
			isa = PBXContainerItemProxy;
			containerPortal = 25F28FEC2ADB14240072D9F4 /* Project object */;
			proxyType = 1;
			remoteGlobalIDString = 25F28FF32ADB14240072D9F4;
			remoteInfo = FloatingActionButton;
		};
		25F2900F2ADB14260072D9F4 /* PBXContainerItemProxy */ = {
			isa = PBXContainerItemProxy;
			containerPortal = 25F28FEC2ADB14240072D9F4 /* Project object */;
			proxyType = 1;
			remoteGlobalIDString = 25F28FF32ADB14240072D9F4;
			remoteInfo = FloatingActionButton;
		};
/* End PBXContainerItemProxy section */

/* Begin PBXFileReference section */
		25F28FF42ADB14240072D9F4 /* FloatingActionButton.app */ = {isa = PBXFileReference; explicitFileType = wrapper.application; includeInIndex = 0; path = FloatingActionButton.app; sourceTree = BUILT_PRODUCTS_DIR; };
		25F28FF72ADB14240072D9F4 /* FloatingActionButtonApp.swift */ = {isa = PBXFileReference; lastKnownFileType = sourcecode.swift; path = FloatingActionButtonApp.swift; sourceTree = "<group>"; };
		25F28FF92ADB14240072D9F4 /* ContentView.swift */ = {isa = PBXFileReference; lastKnownFileType = sourcecode.swift; path = ContentView.swift; sourceTree = "<group>"; };
		25F28FFB2ADB14260072D9F4 /* Assets.xcassets */ = {isa = PBXFileReference; lastKnownFileType = folder.assetcatalog; path = Assets.xcassets; sourceTree = "<group>"; };
		25F28FFE2ADB14260072D9F4 /* Preview Assets.xcassets */ = {isa = PBXFileReference; lastKnownFileType = folder.assetcatalog; path = "Preview Assets.xcassets"; sourceTree = "<group>"; };
		25F290042ADB14260072D9F4 /* FloatingActionButtonTests.xctest */ = {isa = PBXFileReference; explicitFileType = wrapper.cfbundle; includeInIndex = 0; path = FloatingActionButtonTests.xctest; sourceTree = BUILT_PRODUCTS_DIR; };
		25F290082ADB14260072D9F4 /* FloatingActionButtonTests.swift */ = {isa = PBXFileReference; lastKnownFileType = sourcecode.swift; path = FloatingActionButtonTests.swift; sourceTree = "<group>"; };
		25F2900E2ADB14260072D9F4 /* FloatingActionButtonUITests.xctest */ = {isa = PBXFileReference; explicitFileType = wrapper.cfbundle; includeInIndex = 0; path = FloatingActionButtonUITests.xctest; sourceTree = BUILT_PRODUCTS_DIR; };
		25F290122ADB14260072D9F4 /* FloatingActionButtonUITests.swift */ = {isa = PBXFileReference; lastKnownFileType = sourcecode.swift; path = FloatingActionButtonUITests.swift; sourceTree = "<group>"; };
		25F290142ADB14260072D9F4 /* FloatingActionButtonUITestsLaunchTests.swift */ = {isa = PBXFileReference; lastKnownFileType = sourcecode.swift; path = FloatingActionButtonUITestsLaunchTests.swift; sourceTree = "<group>"; };
/* End PBXFileReference section */

/* Begin PBXFrameworksBuildPhase section */
		25F28FF12ADB14240072D9F4 /* Frameworks */ = {
			isa = PBXFrameworksBuildPhase;
			buildActionMask = 2147483647;
			files = (
			);
			runOnlyForDeploymentPostprocessing = 0;
		};
		25F290012ADB14260072D9F4 /* Frameworks */ = {
			isa = PBXFrameworksBuildPhase;
			buildActionMask = 2147483647;
			files = (
			);
			runOnlyForDeploymentPostprocessing = 0;
		};
		25F2900B2ADB14260072D9F4 /* Frameworks */ = {
			isa = PBXFrameworksBuildPhase;
			buildActionMask = 2147483647;
			files = (
			);
			runOnlyForDeploymentPostprocessing = 0;
		};
/* End PBXFrameworksBuildPhase section */

/* Begin PBXGroup section */
		25F28FEB2ADB14240072D9F4 = {
			isa = PBXGroup;
			children = (
				25F28FF62ADB14240072D9F4 /* FloatingActionButton */,
				25F290072ADB14260072D9F4 /* FloatingActionButtonTests */,
				25F290112ADB14260072D9F4 /* FloatingActionButtonUITests */,
				25F28FF52ADB14240072D9F4 /* Products */,
			);
			sourceTree = "<group>";
		};
		25F28FF52ADB14240072D9F4 /* Products */ = {
			isa = PBXGroup;
			children = (
				25F28FF42ADB14240072D9F4 /* FloatingActionButton.app */,
				25F290042ADB14260072D9F4 /* FloatingActionButtonTests.xctest */,
				25F2900E2ADB14260072D9F4 /* FloatingActionButtonUITests.xctest */,
			);
			name = Products;
			sourceTree = "<group>";
		};
		25F28FF62ADB14240072D9F4 /* FloatingActionButton */ = {
			isa = PBXGroup;
			children = (
				25F28FF72ADB14240072D9F4 /* FloatingActionButtonApp.swift */,
				25F28FF92ADB14240072D9F4 /* ContentView.swift */,
				25F28FFB2ADB14260072D9F4 /* Assets.xcassets */,
				25F28FFD2ADB14260072D9F4 /* Preview Content */,
			);
			path = FloatingActionButton;
			sourceTree = "<group>";
		};
		25F28FFD2ADB14260072D9F4 /* Preview Content */ = {
			isa = PBXGroup;
			children = (
				25F28FFE2ADB14260072D9F4 /* Preview Assets.xcassets */,
			);
			path = "Preview Content";
			sourceTree = "<group>";
		};
		25F290072ADB14260072D9F4 /* FloatingActionButtonTests */ = {
			isa = PBXGroup;
			children = (
				25F290082ADB14260072D9F4 /* FloatingActionButtonTests.swift */,
			);
			path = FloatingActionButtonTests;
			sourceTree = "<group>";
		};
		25F290112ADB14260072D9F4 /* FloatingActionButtonUITests */ = {
			isa = PBXGroup;
			children = (
				25F290122ADB14260072D9F4 /* FloatingActionButtonUITests.swift */,
				25F290142ADB14260072D9F4 /* FloatingActionButtonUITestsLaunchTests.swift */,
			);
			path = FloatingActionButtonUITests;
			sourceTree = "<group>";
		};
/* End PBXGroup section */

/* Begin PBXNativeTarget section */
		25F28FF32ADB14240072D9F4 /* FloatingActionButton */ = {
			isa = PBXNativeTarget;
			buildConfigurationList = 25F290182ADB14260072D9F4 /* Build configuration list for PBXNativeTarget "FloatingActionButton" */;
			buildPhases = (
				25F28FF02ADB14240072D9F4 /* Sources */,
				25F28FF12ADB14240072D9F4 /* Frameworks */,
				25F28FF22ADB14240072D9F4 /* Resources */,
			);
			buildRules = (
			);
			dependencies = (
			);
			name = FloatingActionButton;
			productName = FloatingActionButton;
			productReference = 25F28FF42ADB14240072D9F4 /* FloatingActionButton.app */;
			productType = "com.apple.product-type.application";
		};
		25F290032ADB14260072D9F4 /* FloatingActionButtonTests */ = {
			isa = PBXNativeTarget;
			buildConfigurationList = 25F2901B2ADB14260072D9F4 /* Build configuration list for PBXNativeTarget "FloatingActionButtonTests" */;
			buildPhases = (
				25F290002ADB14260072D9F4 /* Sources */,
				25F290012ADB14260072D9F4 /* Frameworks */,
				25F290022ADB14260072D9F4 /* Resources */,
			);
			buildRules = (
			);
			dependencies = (
				25F290062ADB14260072D9F4 /* PBXTargetDependency */,
			);
			name = FloatingActionButtonTests;
			productName = FloatingActionButtonTests;
			productReference = 25F290042ADB14260072D9F4 /* FloatingActionButtonTests.xctest */;
			productType = "com.apple.product-type.bundle.unit-test";
		};
		25F2900D2ADB14260072D9F4 /* FloatingActionButtonUITests */ = {
			isa = PBXNativeTarget;
			buildConfigurationList = 25F2901E2ADB14260072D9F4 /* Build configuration list for PBXNativeTarget "FloatingActionButtonUITests" */;
			buildPhases = (
				25F2900A2ADB14260072D9F4 /* Sources */,
				25F2900B2ADB14260072D9F4 /* Frameworks */,
				25F2900C2ADB14260072D9F4 /* Resources */,
			);
			buildRules = (
			);
			dependencies = (
				25F290102ADB14260072D9F4 /* PBXTargetDependency */,
			);
			name = FloatingActionButtonUITests;
			productName = FloatingActionButtonUITests;
			productReference = 25F2900E2ADB14260072D9F4 /* FloatingActionButtonUITests.xctest */;
			productType = "com.apple.product-type.bundle.ui-testing";
		};
/* End PBXNativeTarget section */

/* Begin PBXProject section */
		25F28FEC2ADB14240072D9F4 /* Project object */ = {
			isa = PBXProject;
			attributes = {
				BuildIndependentTargetsInParallel = 1;
				LastSwiftUpdateCheck = 1500;
				LastUpgradeCheck = 1500;
				TargetAttributes = {
					25F28FF32ADB14240072D9F4 = {
						CreatedOnToolsVersion = 15.0;
					};
					25F290032ADB14260072D9F4 = {
						CreatedOnToolsVersion = 15.0;
						TestTargetID = 25F28FF32ADB14240072D9F4;
					};
					25F2900D2ADB14260072D9F4 = {
						CreatedOnToolsVersion = 15.0;
						TestTargetID = 25F28FF32ADB14240072D9F4;
					};
				};
			};
			buildConfigurationList = 25F28FEF2ADB14240072D9F4 /* Build configuration list for PBXProject "FloatingActionButton" */;
			compatibilityVersion = "Xcode 14.0";
			developmentRegion = en;
			hasScannedForEncodings = 0;
			knownRegions = (
				en,
				Base,
			);
			mainGroup = 25F28FEB2ADB14240072D9F4;
			productRefGroup = 25F28FF52ADB14240072D9F4 /* Products */;
			projectDirPath = "";
			projectRoot = "";
			targets = (
				25F28FF32ADB14240072D9F4 /* FloatingActionButton */,
				25F290032ADB14260072D9F4 /* FloatingActionButtonTests */,
				25F2900D2ADB14260072D9F4 /* FloatingActionButtonUITests */,
			);
		};
/* End PBXProject section */

/* Begin PBXResourcesBuildPhase section */
		25F28FF22ADB14240072D9F4 /* Resources */ = {
			isa = PBXResourcesBuildPhase;
			buildActionMask = 2147483647;
			files = (
				25F28FFF2ADB14260072D9F4 /* Preview Assets.xcassets in Resources */,
				25F28FFC2ADB14260072D9F4 /* Assets.xcassets in Resources */,
			);
			runOnlyForDeploymentPostprocessing = 0;
		};
		25F290022ADB14260072D9F4 /* Resources */ = {
			isa = PBXResourcesBuildPhase;
			buildActionMask = 2147483647;
			files = (
			);
			runOnlyForDeploymentPostprocessing = 0;
		};
		25F2900C2ADB14260072D9F4 /* Resources */ = {
			isa = PBXResourcesBuildPhase;
			buildActionMask = 2147483647;
			files = (
			);
			runOnlyForDeploymentPostprocessing = 0;
		};
/* End PBXResourcesBuildPhase section */

/* Begin PBXSourcesBuildPhase section */
		25F28FF02ADB14240072D9F4 /* Sources */ = {
			isa = PBXSourcesBuildPhase;
			buildActionMask = 2147483647;
			files = (
				25F28FFA2ADB14240072D9F4 /* ContentView.swift in Sources */,
				25F28FF82ADB14240072D9F4 /* FloatingActionButtonApp.swift in Sources */,
			);
			runOnlyForDeploymentPostprocessing = 0;
		};
		25F290002ADB14260072D9F4 /* Sources */ = {
			isa = PBXSourcesBuildPhase;
			buildActionMask = 2147483647;
			files = (
				25F290092ADB14260072D9F4 /* FloatingActionButtonTests.swift in Sources */,
			);
			runOnlyForDeploymentPostprocessing = 0;
		};
		25F2900A2ADB14260072D9F4 /* Sources */ = {
			isa = PBXSourcesBuildPhase;
			buildActionMask = 2147483647;
			files = (
				25F290152ADB14260072D9F4 /* FloatingActionButtonUITestsLaunchTests.swift in Sources */,
				25F290132ADB14260072D9F4 /* FloatingActionButtonUITests.swift in Sources */,
			);
			runOnlyForDeploymentPostprocessing = 0;
		};
/* End PBXSourcesBuildPhase section */

/* Begin PBXTargetDependency section */
		25F290062ADB14260072D9F4 /* PBXTargetDependency */ = {
			isa = PBXTargetDependency;
			target = 25F28FF32ADB14240072D9F4 /* FloatingActionButton */;
			targetProxy = 25F290052ADB14260072D9F4 /* PBXContainerItemProxy */;
		};
		25F290102ADB14260072D9F4 /* PBXTargetDependency */ = {
			isa = PBXTargetDependency;
			target = 25F28FF32ADB14240072D9F4 /* FloatingActionButton */;
			targetProxy = 25F2900F2ADB14260072D9F4 /* PBXContainerItemProxy */;
		};
/* End PBXTargetDependency section */

/* Begin XCBuildConfiguration section */
		25F290162ADB14260072D9F4 /* Debug */ = {
			isa = XCBuildConfiguration;
			buildSettings = {
				ALWAYS_SEARCH_USER_PATHS = NO;
				ASSETCATALOG_COMPILER_GENERATE_SWIFT_ASSET_SYMBOL_EXTENSIONS = YES;
				CLANG_ANALYZER_NONNULL = YES;
				CLANG_ANALYZER_NUMBER_OBJECT_CONVERSION = YES_AGGRESSIVE;
				CLANG_CXX_LANGUAGE_STANDARD = "gnu++20";
				CLANG_ENABLE_MODULES = YES;
				CLANG_ENABLE_OBJC_ARC = YES;
				CLANG_ENABLE_OBJC_WEAK = YES;
				CLANG_WARN_BLOCK_CAPTURE_AUTORELEASING = YES;
				CLANG_WARN_BOOL_CONVERSION = YES;
				CLANG_WARN_COMMA = YES;
				CLANG_WARN_CONSTANT_CONVERSION = YES;
				CLANG_WARN_DEPRECATED_OBJC_IMPLEMENTATIONS = YES;
				CLANG_WARN_DIRECT_OBJC_ISA_USAGE = YES_ERROR;
				CLANG_WARN_DOCUMENTATION_COMMENTS = YES;
				CLANG_WARN_EMPTY_BODY = YES;
				CLANG_WARN_ENUM_CONVERSION = YES;
				CLANG_WARN_INFINITE_RECURSION = YES;
				CLANG_WARN_INT_CONVERSION = YES;
				CLANG_WARN_NON_LITERAL_NULL_CONVERSION = YES;
				CLANG_WARN_OBJC_IMPLICIT_RETAIN_SELF = YES;
				CLANG_WARN_OBJC_LITERAL_CONVERSION = YES;
				CLANG_WARN_OBJC_ROOT_CLASS = YES_ERROR;
				CLANG_WARN_QUOTED_INCLUDE_IN_FRAMEWORK_HEADER = YES;
				CLANG_WARN_RANGE_LOOP_ANALYSIS = YES;
				CLANG_WARN_STRICT_PROTOTYPES = YES;
				CLANG_WARN_SUSPICIOUS_MOVE = YES;
				CLANG_WARN_UNGUARDED_AVAILABILITY = YES_AGGRESSIVE;
				CLANG_WARN_UNREACHABLE_CODE = YES;
				CLANG_WARN__DUPLICATE_METHOD_MATCH = YES;
				COPY_PHASE_STRIP = NO;
				DEBUG_INFORMATION_FORMAT = dwarf;
				ENABLE_STRICT_OBJC_MSGSEND = YES;
				ENABLE_TESTABILITY = YES;
				ENABLE_USER_SCRIPT_SANDBOXING = YES;
				GCC_C_LANGUAGE_STANDARD = gnu17;
				GCC_DYNAMIC_NO_PIC = NO;
				GCC_NO_COMMON_BLOCKS = YES;
				GCC_OPTIMIZATION_LEVEL = 0;
				GCC_PREPROCESSOR_DEFINITIONS = (
					"DEBUG=1",
					"$(inherited)",
				);
				GCC_WARN_64_TO_32_BIT_CONVERSION = YES;
				GCC_WARN_ABOUT_RETURN_TYPE = YES_ERROR;
				GCC_WARN_UNDECLARED_SELECTOR = YES;
				GCC_WARN_UNINITIALIZED_AUTOS = YES_AGGRESSIVE;
				GCC_WARN_UNUSED_FUNCTION = YES;
				GCC_WARN_UNUSED_VARIABLE = YES;
				IPHONEOS_DEPLOYMENT_TARGET = 17.0;
				LOCALIZATION_PREFERS_STRING_CATALOGS = YES;
				MTL_ENABLE_DEBUG_INFO = INCLUDE_SOURCE;
				MTL_FAST_MATH = YES;
				ONLY_ACTIVE_ARCH = YES;
				SDKROOT = iphoneos;
				SWIFT_ACTIVE_COMPILATION_CONDITIONS = "DEBUG $(inherited)";
				SWIFT_OPTIMIZATION_LEVEL = "-Onone";
			};
			name = Debug;
		};
		25F290172ADB14260072D9F4 /* Release */ = {
			isa = XCBuildConfiguration;
			buildSettings = {
				ALWAYS_SEARCH_USER_PATHS = NO;
				ASSETCATALOG_COMPILER_GENERATE_SWIFT_ASSET_SYMBOL_EXTENSIONS = YES;
				CLANG_ANALYZER_NONNULL = YES;
				CLANG_ANALYZER_NUMBER_OBJECT_CONVERSION = YES_AGGRESSIVE;
				CLANG_CXX_LANGUAGE_STANDARD = "gnu++20";
				CLANG_ENABLE_MODULES = YES;
				CLANG_ENABLE_OBJC_ARC = YES;
				CLANG_ENABLE_OBJC_WEAK = YES;
				CLANG_WARN_BLOCK_CAPTURE_AUTORELEASING = YES;
				CLANG_WARN_BOOL_CONVERSION = YES;
				CLANG_WARN_COMMA = YES;
				CLANG_WARN_CONSTANT_CONVERSION = YES;
				CLANG_WARN_DEPRECATED_OBJC_IMPLEMENTATIONS = YES;
				CLANG_WARN_DIRECT_OBJC_ISA_USAGE = YES_ERROR;
				CLANG_WARN_DOCUMENTATION_COMMENTS = YES;
				CLANG_WARN_EMPTY_BODY = YES;
				CLANG_WARN_ENUM_CONVERSION = YES;
				CLANG_WARN_INFINITE_RECURSION = YES;
				CLANG_WARN_INT_CONVERSION = YES;
				CLANG_WARN_NON_LITERAL_NULL_CONVERSION = YES;
				CLANG_WARN_OBJC_IMPLICIT_RETAIN_SELF = YES;
				CLANG_WARN_OBJC_LITERAL_CONVERSION = YES;
				CLANG_WARN_OBJC_ROOT_CLASS = YES_ERROR;
				CLANG_WARN_QUOTED_INCLUDE_IN_FRAMEWORK_HEADER = YES;
				CLANG_WARN_RANGE_LOOP_ANALYSIS = YES;
				CLANG_WARN_STRICT_PROTOTYPES = YES;
				CLANG_WARN_SUSPICIOUS_MOVE = YES;
				CLANG_WARN_UNGUARDED_AVAILABILITY = YES_AGGRESSIVE;
				CLANG_WARN_UNREACHABLE_CODE = YES;
				CLANG_WARN__DUPLICATE_METHOD_MATCH = YES;
				COPY_PHASE_STRIP = NO;
				DEBUG_INFORMATION_FORMAT = "dwarf-with-dsym";
				ENABLE_NS_ASSERTIONS = NO;
				ENABLE_STRICT_OBJC_MSGSEND = YES;
				ENABLE_USER_SCRIPT_SANDBOXING = YES;
				GCC_C_LANGUAGE_STANDARD = gnu17;
				GCC_NO_COMMON_BLOCKS = YES;
				GCC_WARN_64_TO_32_BIT_CONVERSION = YES;
				GCC_WARN_ABOUT_RETURN_TYPE = YES_ERROR;
				GCC_WARN_UNDECLARED_SELECTOR = YES;
				GCC_WARN_UNINITIALIZED_AUTOS = YES_AGGRESSIVE;
				GCC_WARN_UNUSED_FUNCTION = YES;
				GCC_WARN_UNUSED_VARIABLE = YES;
				IPHONEOS_DEPLOYMENT_TARGET = 17.0;
				LOCALIZATION_PREFERS_STRING_CATALOGS = YES;
				MTL_ENABLE_DEBUG_INFO = NO;
				MTL_FAST_MATH = YES;
				SDKROOT = iphoneos;
				SWIFT_COMPILATION_MODE = wholemodule;
				VALIDATE_PRODUCT = YES;
			};
			name = Release;
		};
		25F290192ADB14260072D9F4 /* Debug */ = {
			isa = XCBuildConfiguration;
			buildSettings = {
				ASSETCATALOG_COMPILER_APPICON_NAME = AppIcon;
				ASSETCATALOG_COMPILER_GLOBAL_ACCENT_COLOR_NAME = AccentColor;
				CODE_SIGN_STYLE = Automatic;
				CURRENT_PROJECT_VERSION = 1;
				DEVELOPMENT_ASSET_PATHS = "\"FloatingActionButton/Preview Content\"";
				ENABLE_PREVIEWS = YES;
				GENERATE_INFOPLIST_FILE = YES;
				INFOPLIST_KEY_UIApplicationSceneManifest_Generation = YES;
				INFOPLIST_KEY_UIApplicationSupportsIndirectInputEvents = YES;
				INFOPLIST_KEY_UILaunchScreen_Generation = YES;
				INFOPLIST_KEY_UISupportedInterfaceOrientations_iPad = "UIInterfaceOrientationPortrait UIInterfaceOrientationPortraitUpsideDown UIInterfaceOrientationLandscapeLeft UIInterfaceOrientationLandscapeRight";
				INFOPLIST_KEY_UISupportedInterfaceOrientations_iPhone = "UIInterfaceOrientationPortrait UIInterfaceOrientationLandscapeLeft UIInterfaceOrientationLandscapeRight";
				LD_RUNPATH_SEARCH_PATHS = (
					"$(inherited)",
					"@executable_path/Frameworks",
				);
				MARKETING_VERSION = 1.0;
				PRODUCT_BUNDLE_IDENTIFIER = kmikec20.FloatingActionButton;
				PRODUCT_NAME = "$(TARGET_NAME)";
				SWIFT_EMIT_LOC_STRINGS = YES;
				SWIFT_VERSION = 5.0;
				TARGETED_DEVICE_FAMILY = "1,2";
			};
			name = Debug;
		};
		25F2901A2ADB14260072D9F4 /* Release */ = {
			isa = XCBuildConfiguration;
			buildSettings = {
				ASSETCATALOG_COMPILER_APPICON_NAME = AppIcon;
				ASSETCATALOG_COMPILER_GLOBAL_ACCENT_COLOR_NAME = AccentColor;
				CODE_SIGN_STYLE = Automatic;
				CURRENT_PROJECT_VERSION = 1;
				DEVELOPMENT_ASSET_PATHS = "\"FloatingActionButton/Preview Content\"";
				ENABLE_PREVIEWS = YES;
				GENERATE_INFOPLIST_FILE = YES;
				INFOPLIST_KEY_UIApplicationSceneManifest_Generation = YES;
				INFOPLIST_KEY_UIApplicationSupportsIndirectInputEvents = YES;
				INFOPLIST_KEY_UILaunchScreen_Generation = YES;
				INFOPLIST_KEY_UISupportedInterfaceOrientations_iPad = "UIInterfaceOrientationPortrait UIInterfaceOrientationPortraitUpsideDown UIInterfaceOrientationLandscapeLeft UIInterfaceOrientationLandscapeRight";
				INFOPLIST_KEY_UISupportedInterfaceOrientations_iPhone = "UIInterfaceOrientationPortrait UIInterfaceOrientationLandscapeLeft UIInterfaceOrientationLandscapeRight";
				LD_RUNPATH_SEARCH_PATHS = (
					"$(inherited)",
					"@executable_path/Frameworks",
				);
				MARKETING_VERSION = 1.0;
				PRODUCT_BUNDLE_IDENTIFIER = kmikec20.FloatingActionButton;
				PRODUCT_NAME = "$(TARGET_NAME)";
				SWIFT_EMIT_LOC_STRINGS = YES;
				SWIFT_VERSION = 5.0;
				TARGETED_DEVICE_FAMILY = "1,2";
			};
			name = Release;
		};
		25F2901C2ADB14260072D9F4 /* Debug */ = {
			isa = XCBuildConfiguration;
			buildSettings = {
				ALWAYS_EMBED_SWIFT_STANDARD_LIBRARIES = YES;
				BUNDLE_LOADER = "$(TEST_HOST)";
				CODE_SIGN_STYLE = Automatic;
				CURRENT_PROJECT_VERSION = 1;
				GENERATE_INFOPLIST_FILE = YES;
				IPHONEOS_DEPLOYMENT_TARGET = 17.0;
				MARKETING_VERSION = 1.0;
				PRODUCT_BUNDLE_IDENTIFIER = kmikec20.FloatingActionButtonTests;
				PRODUCT_NAME = "$(TARGET_NAME)";
				SWIFT_EMIT_LOC_STRINGS = NO;
				SWIFT_VERSION = 5.0;
				TARGETED_DEVICE_FAMILY = "1,2";
				TEST_HOST = "$(BUILT_PRODUCTS_DIR)/FloatingActionButton.app/$(BUNDLE_EXECUTABLE_FOLDER_PATH)/FloatingActionButton";
			};
			name = Debug;
		};
		25F2901D2ADB14260072D9F4 /* Release */ = {
			isa = XCBuildConfiguration;
			buildSettings = {
				ALWAYS_EMBED_SWIFT_STANDARD_LIBRARIES = YES;
				BUNDLE_LOADER = "$(TEST_HOST)";
				CODE_SIGN_STYLE = Automatic;
				CURRENT_PROJECT_VERSION = 1;
				GENERATE_INFOPLIST_FILE = YES;
				IPHONEOS_DEPLOYMENT_TARGET = 17.0;
				MARKETING_VERSION = 1.0;
				PRODUCT_BUNDLE_IDENTIFIER = kmikec20.FloatingActionButtonTests;
				PRODUCT_NAME = "$(TARGET_NAME)";
				SWIFT_EMIT_LOC_STRINGS = NO;
				SWIFT_VERSION = 5.0;
				TARGETED_DEVICE_FAMILY = "1,2";
				TEST_HOST = "$(BUILT_PRODUCTS_DIR)/FloatingActionButton.app/$(BUNDLE_EXECUTABLE_FOLDER_PATH)/FloatingActionButton";
			};
			name = Release;
		};
		25F2901F2ADB14260072D9F4 /* Debug */ = {
			isa = XCBuildConfiguration;
			buildSettings = {
				ALWAYS_EMBED_SWIFT_STANDARD_LIBRARIES = YES;
				CODE_SIGN_STYLE = Automatic;
				CURRENT_PROJECT_VERSION = 1;
				GENERATE_INFOPLIST_FILE = YES;
				MARKETING_VERSION = 1.0;
				PRODUCT_BUNDLE_IDENTIFIER = kmikec20.FloatingActionButtonUITests;
				PRODUCT_NAME = "$(TARGET_NAME)";
				SWIFT_EMIT_LOC_STRINGS = NO;
				SWIFT_VERSION = 5.0;
				TARGETED_DEVICE_FAMILY = "1,2";
				TEST_TARGET_NAME = FloatingActionButton;
			};
			name = Debug;
		};
		25F290202ADB14260072D9F4 /* Release */ = {
			isa = XCBuildConfiguration;
			buildSettings = {
				ALWAYS_EMBED_SWIFT_STANDARD_LIBRARIES = YES;
				CODE_SIGN_STYLE = Automatic;
				CURRENT_PROJECT_VERSION = 1;
				GENERATE_INFOPLIST_FILE = YES;
				MARKETING_VERSION = 1.0;
				PRODUCT_BUNDLE_IDENTIFIER = kmikec20.FloatingActionButtonUITests;
				PRODUCT_NAME = "$(TARGET_NAME)";
				SWIFT_EMIT_LOC_STRINGS = NO;
				SWIFT_VERSION = 5.0;
				TARGETED_DEVICE_FAMILY = "1,2";
				TEST_TARGET_NAME = FloatingActionButton;
			};
			name = Release;
		};
/* End XCBuildConfiguration section */

/* Begin XCConfigurationList section */
		25F28FEF2ADB14240072D9F4 /* Build configuration list for PBXProject "FloatingActionButton" */ = {
			isa = XCConfigurationList;
			buildConfigurations = (
				25F290162ADB14260072D9F4 /* Debug */,
				25F290172ADB14260072D9F4 /* Release */,
			);
			defaultConfigurationIsVisible = 0;
			defaultConfigurationName = Release;
		};
		25F290182ADB14260072D9F4 /* Build configuration list for PBXNativeTarget "FloatingActionButton" */ = {
			isa = XCConfigurationList;
			buildConfigurations = (
				25F290192ADB14260072D9F4 /* Debug */,
				25F2901A2ADB14260072D9F4 /* Release */,
			);
			defaultConfigurationIsVisible = 0;
			defaultConfigurationName = Release;
		};
		25F2901B2ADB14260072D9F4 /* Build configuration list for PBXNativeTarget "FloatingActionButtonTests" */ = {
			isa = XCConfigurationList;
			buildConfigurations = (
				25F2901C2ADB14260072D9F4 /* Debug */,
				25F2901D2ADB14260072D9F4 /* Release */,
			);
			defaultConfigurationIsVisible = 0;
			defaultConfigurationName = Release;
		};
		25F2901E2ADB14260072D9F4 /* Build configuration list for PBXNativeTarget "FloatingActionButtonUITests" */ = {
			isa = XCConfigurationList;
			buildConfigurations = (
				25F2901F2ADB14260072D9F4 /* Debug */,
				25F290202ADB14260072D9F4 /* Release */,
			);
			defaultConfigurationIsVisible = 0;
			defaultConfigurationName = Release;
		};
/* End XCConfigurationList section */
	};
	rootObject = 25F28FEC2ADB14240072D9F4 /* Project object */;
}
