// !$*UTF8*$!
{
	archiveVersion = 1;
	classes = {
	};
	objectVersion = 56;
	objects = {

/* Begin PBXBuildFile section */
		25C1896C2ADA9089007A4684 /* ToastNotificationApp.swift in Sources */ = {isa = PBXBuildFile; fileRef = 25C1896B2ADA9089007A4684 /* ToastNotificationApp.swift */; };
		25C1896E2ADA9089007A4684 /* ContentView.swift in Sources */ = {isa = PBXBuildFile; fileRef = 25C1896D2ADA9089007A4684 /* ContentView.swift */; };
		25C189702ADA908A007A4684 /* Assets.xcassets in Resources */ = {isa = PBXBuildFile; fileRef = 25C1896F2ADA908A007A4684 /* Assets.xcassets */; };
		25C189732ADA908A007A4684 /* Preview Assets.xcassets in Resources */ = {isa = PBXBuildFile; fileRef = 25C189722ADA908A007A4684 /* Preview Assets.xcassets */; };
		25C1897D2ADA908B007A4684 /* ToastNotificationTests.swift in Sources */ = {isa = PBXBuildFile; fileRef = 25C1897C2ADA908B007A4684 /* ToastNotificationTests.swift */; };
		25C189872ADA908B007A4684 /* ToastNotificationUITests.swift in Sources */ = {isa = PBXBuildFile; fileRef = 25C189862ADA908B007A4684 /* ToastNotificationUITests.swift */; };
		25C189892ADA908B007A4684 /* ToastNotificationUITestsLaunchTests.swift in Sources */ = {isa = PBXBuildFile; fileRef = 25C189882ADA908B007A4684 /* ToastNotificationUITestsLaunchTests.swift */; };
		25C189972ADAA260007A4684 /* SimpleToast in Frameworks */ = {isa = PBXBuildFile; productRef = 25C189962ADAA260007A4684 /* SimpleToast */; };
/* End PBXBuildFile section */

/* Begin PBXContainerItemProxy section */
		25C189792ADA908B007A4684 /* PBXContainerItemProxy */ = {
			isa = PBXContainerItemProxy;
			containerPortal = 25C189602ADA9089007A4684 /* Project object */;
			proxyType = 1;
			remoteGlobalIDString = 25C189672ADA9089007A4684;
			remoteInfo = ToastNotification;
		};
		25C189832ADA908B007A4684 /* PBXContainerItemProxy */ = {
			isa = PBXContainerItemProxy;
			containerPortal = 25C189602ADA9089007A4684 /* Project object */;
			proxyType = 1;
			remoteGlobalIDString = 25C189672ADA9089007A4684;
			remoteInfo = ToastNotification;
		};
/* End PBXContainerItemProxy section */

/* Begin PBXFileReference section */
		25C189682ADA9089007A4684 /* ToastNotification.app */ = {isa = PBXFileReference; explicitFileType = wrapper.application; includeInIndex = 0; path = ToastNotification.app; sourceTree = BUILT_PRODUCTS_DIR; };
		25C1896B2ADA9089007A4684 /* ToastNotificationApp.swift */ = {isa = PBXFileReference; lastKnownFileType = sourcecode.swift; path = ToastNotificationApp.swift; sourceTree = "<group>"; };
		25C1896D2ADA9089007A4684 /* ContentView.swift */ = {isa = PBXFileReference; lastKnownFileType = sourcecode.swift; path = ContentView.swift; sourceTree = "<group>"; };
		25C1896F2ADA908A007A4684 /* Assets.xcassets */ = {isa = PBXFileReference; lastKnownFileType = folder.assetcatalog; path = Assets.xcassets; sourceTree = "<group>"; };
		25C189722ADA908A007A4684 /* Preview Assets.xcassets */ = {isa = PBXFileReference; lastKnownFileType = folder.assetcatalog; path = "Preview Assets.xcassets"; sourceTree = "<group>"; };
		25C189782ADA908B007A4684 /* ToastNotificationTests.xctest */ = {isa = PBXFileReference; explicitFileType = wrapper.cfbundle; includeInIndex = 0; path = ToastNotificationTests.xctest; sourceTree = BUILT_PRODUCTS_DIR; };
		25C1897C2ADA908B007A4684 /* ToastNotificationTests.swift */ = {isa = PBXFileReference; lastKnownFileType = sourcecode.swift; path = ToastNotificationTests.swift; sourceTree = "<group>"; };
		25C189822ADA908B007A4684 /* ToastNotificationUITests.xctest */ = {isa = PBXFileReference; explicitFileType = wrapper.cfbundle; includeInIndex = 0; path = ToastNotificationUITests.xctest; sourceTree = BUILT_PRODUCTS_DIR; };
		25C189862ADA908B007A4684 /* ToastNotificationUITests.swift */ = {isa = PBXFileReference; lastKnownFileType = sourcecode.swift; path = ToastNotificationUITests.swift; sourceTree = "<group>"; };
		25C189882ADA908B007A4684 /* ToastNotificationUITestsLaunchTests.swift */ = {isa = PBXFileReference; lastKnownFileType = sourcecode.swift; path = ToastNotificationUITestsLaunchTests.swift; sourceTree = "<group>"; };
/* End PBXFileReference section */

/* Begin PBXFrameworksBuildPhase section */
		25C189652ADA9089007A4684 /* Frameworks */ = {
			isa = PBXFrameworksBuildPhase;
			buildActionMask = 2147483647;
			files = (
				25C189972ADAA260007A4684 /* SimpleToast in Frameworks */,
			);
			runOnlyForDeploymentPostprocessing = 0;
		};
		25C189752ADA908B007A4684 /* Frameworks */ = {
			isa = PBXFrameworksBuildPhase;
			buildActionMask = 2147483647;
			files = (
			);
			runOnlyForDeploymentPostprocessing = 0;
		};
		25C1897F2ADA908B007A4684 /* Frameworks */ = {
			isa = PBXFrameworksBuildPhase;
			buildActionMask = 2147483647;
			files = (
			);
			runOnlyForDeploymentPostprocessing = 0;
		};
/* End PBXFrameworksBuildPhase section */

/* Begin PBXGroup section */
		25C1895F2ADA9089007A4684 = {
			isa = PBXGroup;
			children = (
				25C1896A2ADA9089007A4684 /* ToastNotification */,
				25C1897B2ADA908B007A4684 /* ToastNotificationTests */,
				25C189852ADA908B007A4684 /* ToastNotificationUITests */,
				25C189692ADA9089007A4684 /* Products */,
			);
			sourceTree = "<group>";
		};
		25C189692ADA9089007A4684 /* Products */ = {
			isa = PBXGroup;
			children = (
				25C189682ADA9089007A4684 /* ToastNotification.app */,
				25C189782ADA908B007A4684 /* ToastNotificationTests.xctest */,
				25C189822ADA908B007A4684 /* ToastNotificationUITests.xctest */,
			);
			name = Products;
			sourceTree = "<group>";
		};
		25C1896A2ADA9089007A4684 /* ToastNotification */ = {
			isa = PBXGroup;
			children = (
				25C1896B2ADA9089007A4684 /* ToastNotificationApp.swift */,
				25C1896D2ADA9089007A4684 /* ContentView.swift */,
				25C1896F2ADA908A007A4684 /* Assets.xcassets */,
				25C189712ADA908A007A4684 /* Preview Content */,
			);
			path = ToastNotification;
			sourceTree = "<group>";
		};
		25C189712ADA908A007A4684 /* Preview Content */ = {
			isa = PBXGroup;
			children = (
				25C189722ADA908A007A4684 /* Preview Assets.xcassets */,
			);
			path = "Preview Content";
			sourceTree = "<group>";
		};
		25C1897B2ADA908B007A4684 /* ToastNotificationTests */ = {
			isa = PBXGroup;
			children = (
				25C1897C2ADA908B007A4684 /* ToastNotificationTests.swift */,
			);
			path = ToastNotificationTests;
			sourceTree = "<group>";
		};
		25C189852ADA908B007A4684 /* ToastNotificationUITests */ = {
			isa = PBXGroup;
			children = (
				25C189862ADA908B007A4684 /* ToastNotificationUITests.swift */,
				25C189882ADA908B007A4684 /* ToastNotificationUITestsLaunchTests.swift */,
			);
			path = ToastNotificationUITests;
			sourceTree = "<group>";
		};
/* End PBXGroup section */

/* Begin PBXNativeTarget section */
		25C189672ADA9089007A4684 /* ToastNotification */ = {
			isa = PBXNativeTarget;
			buildConfigurationList = 25C1898C2ADA908B007A4684 /* Build configuration list for PBXNativeTarget "ToastNotification" */;
			buildPhases = (
				25C189642ADA9089007A4684 /* Sources */,
				25C189652ADA9089007A4684 /* Frameworks */,
				25C189662ADA9089007A4684 /* Resources */,
			);
			buildRules = (
			);
			dependencies = (
			);
			name = ToastNotification;
			packageProductDependencies = (
				25C189962ADAA260007A4684 /* SimpleToast */,
			);
			productName = ToastNotification;
			productReference = 25C189682ADA9089007A4684 /* ToastNotification.app */;
			productType = "com.apple.product-type.application";
		};
		25C189772ADA908B007A4684 /* ToastNotificationTests */ = {
			isa = PBXNativeTarget;
			buildConfigurationList = 25C1898F2ADA908B007A4684 /* Build configuration list for PBXNativeTarget "ToastNotificationTests" */;
			buildPhases = (
				25C189742ADA908B007A4684 /* Sources */,
				25C189752ADA908B007A4684 /* Frameworks */,
				25C189762ADA908B007A4684 /* Resources */,
			);
			buildRules = (
			);
			dependencies = (
				25C1897A2ADA908B007A4684 /* PBXTargetDependency */,
			);
			name = ToastNotificationTests;
			productName = ToastNotificationTests;
			productReference = 25C189782ADA908B007A4684 /* ToastNotificationTests.xctest */;
			productType = "com.apple.product-type.bundle.unit-test";
		};
		25C189812ADA908B007A4684 /* ToastNotificationUITests */ = {
			isa = PBXNativeTarget;
			buildConfigurationList = 25C189922ADA908B007A4684 /* Build configuration list for PBXNativeTarget "ToastNotificationUITests" */;
			buildPhases = (
				25C1897E2ADA908B007A4684 /* Sources */,
				25C1897F2ADA908B007A4684 /* Frameworks */,
				25C189802ADA908B007A4684 /* Resources */,
			);
			buildRules = (
			);
			dependencies = (
				25C189842ADA908B007A4684 /* PBXTargetDependency */,
			);
			name = ToastNotificationUITests;
			productName = ToastNotificationUITests;
			productReference = 25C189822ADA908B007A4684 /* ToastNotificationUITests.xctest */;
			productType = "com.apple.product-type.bundle.ui-testing";
		};
/* End PBXNativeTarget section */

/* Begin PBXProject section */
		25C189602ADA9089007A4684 /* Project object */ = {
			isa = PBXProject;
			attributes = {
				BuildIndependentTargetsInParallel = 1;
				LastSwiftUpdateCheck = 1500;
				LastUpgradeCheck = 1500;
				TargetAttributes = {
					25C189672ADA9089007A4684 = {
						CreatedOnToolsVersion = 15.0;
					};
					25C189772ADA908B007A4684 = {
						CreatedOnToolsVersion = 15.0;
						TestTargetID = 25C189672ADA9089007A4684;
					};
					25C189812ADA908B007A4684 = {
						CreatedOnToolsVersion = 15.0;
						TestTargetID = 25C189672ADA9089007A4684;
					};
				};
			};
			buildConfigurationList = 25C189632ADA9089007A4684 /* Build configuration list for PBXProject "ToastNotification" */;
			compatibilityVersion = "Xcode 14.0";
			developmentRegion = en;
			hasScannedForEncodings = 0;
			knownRegions = (
				en,
				Base,
			);
			mainGroup = 25C1895F2ADA9089007A4684;
			packageReferences = (
				25C189952ADAA25F007A4684 /* XCRemoteSwiftPackageReference "SimpleToast" */,
			);
			productRefGroup = 25C189692ADA9089007A4684 /* Products */;
			projectDirPath = "";
			projectRoot = "";
			targets = (
				25C189672ADA9089007A4684 /* ToastNotification */,
				25C189772ADA908B007A4684 /* ToastNotificationTests */,
				25C189812ADA908B007A4684 /* ToastNotificationUITests */,
			);
		};
/* End PBXProject section */

/* Begin PBXResourcesBuildPhase section */
		25C189662ADA9089007A4684 /* Resources */ = {
			isa = PBXResourcesBuildPhase;
			buildActionMask = 2147483647;
			files = (
				25C189732ADA908A007A4684 /* Preview Assets.xcassets in Resources */,
				25C189702ADA908A007A4684 /* Assets.xcassets in Resources */,
			);
			runOnlyForDeploymentPostprocessing = 0;
		};
		25C189762ADA908B007A4684 /* Resources */ = {
			isa = PBXResourcesBuildPhase;
			buildActionMask = 2147483647;
			files = (
			);
			runOnlyForDeploymentPostprocessing = 0;
		};
		25C189802ADA908B007A4684 /* Resources */ = {
			isa = PBXResourcesBuildPhase;
			buildActionMask = 2147483647;
			files = (
			);
			runOnlyForDeploymentPostprocessing = 0;
		};
/* End PBXResourcesBuildPhase section */

/* Begin PBXSourcesBuildPhase section */
		25C189642ADA9089007A4684 /* Sources */ = {
			isa = PBXSourcesBuildPhase;
			buildActionMask = 2147483647;
			files = (
				25C1896E2ADA9089007A4684 /* ContentView.swift in Sources */,
				25C1896C2ADA9089007A4684 /* ToastNotificationApp.swift in Sources */,
			);
			runOnlyForDeploymentPostprocessing = 0;
		};
		25C189742ADA908B007A4684 /* Sources */ = {
			isa = PBXSourcesBuildPhase;
			buildActionMask = 2147483647;
			files = (
				25C1897D2ADA908B007A4684 /* ToastNotificationTests.swift in Sources */,
			);
			runOnlyForDeploymentPostprocessing = 0;
		};
		25C1897E2ADA908B007A4684 /* Sources */ = {
			isa = PBXSourcesBuildPhase;
			buildActionMask = 2147483647;
			files = (
				25C189872ADA908B007A4684 /* ToastNotificationUITests.swift in Sources */,
				25C189892ADA908B007A4684 /* ToastNotificationUITestsLaunchTests.swift in Sources */,
			);
			runOnlyForDeploymentPostprocessing = 0;
		};
/* End PBXSourcesBuildPhase section */

/* Begin PBXTargetDependency section */
		25C1897A2ADA908B007A4684 /* PBXTargetDependency */ = {
			isa = PBXTargetDependency;
			target = 25C189672ADA9089007A4684 /* ToastNotification */;
			targetProxy = 25C189792ADA908B007A4684 /* PBXContainerItemProxy */;
		};
		25C189842ADA908B007A4684 /* PBXTargetDependency */ = {
			isa = PBXTargetDependency;
			target = 25C189672ADA9089007A4684 /* ToastNotification */;
			targetProxy = 25C189832ADA908B007A4684 /* PBXContainerItemProxy */;
		};
/* End PBXTargetDependency section */

/* Begin XCBuildConfiguration section */
		25C1898A2ADA908B007A4684 /* Debug */ = {
			isa = XCBuildConfiguration;
			buildSettings = {
				ALWAYS_SEARCH_USER_PATHS = NO;
				ASSETCATALOG_COMPILER_GENERATE_SWIFT_ASSET_SYMBOL_EXTENSIONS = YES;
				CLANG_ANALYZER_NONNULL = YES;
				CLANG_ANALYZER_NUMBER_OBJECT_CONVERSION = YES_AGGRESSIVE;
				CLANG_CXX_LANGUAGE_STANDARD = "gnu++20";
				CLANG_ENABLE_MODULES = YES;
				CLANG_ENABLE_OBJC_ARC = YES;
				CLANG_ENABLE_OBJC_WEAK = YES;
				CLANG_WARN_BLOCK_CAPTURE_AUTORELEASING = YES;
				CLANG_WARN_BOOL_CONVERSION = YES;
				CLANG_WARN_COMMA = YES;
				CLANG_WARN_CONSTANT_CONVERSION = YES;
				CLANG_WARN_DEPRECATED_OBJC_IMPLEMENTATIONS = YES;
				CLANG_WARN_DIRECT_OBJC_ISA_USAGE = YES_ERROR;
				CLANG_WARN_DOCUMENTATION_COMMENTS = YES;
				CLANG_WARN_EMPTY_BODY = YES;
				CLANG_WARN_ENUM_CONVERSION = YES;
				CLANG_WARN_INFINITE_RECURSION = YES;
				CLANG_WARN_INT_CONVERSION = YES;
				CLANG_WARN_NON_LITERAL_NULL_CONVERSION = YES;
				CLANG_WARN_OBJC_IMPLICIT_RETAIN_SELF = YES;
				CLANG_WARN_OBJC_LITERAL_CONVERSION = YES;
				CLANG_WARN_OBJC_ROOT_CLASS = YES_ERROR;
				CLANG_WARN_QUOTED_INCLUDE_IN_FRAMEWORK_HEADER = YES;
				CLANG_WARN_RANGE_LOOP_ANALYSIS = YES;
				CLANG_WARN_STRICT_PROTOTYPES = YES;
				CLANG_WARN_SUSPICIOUS_MOVE = YES;
				CLANG_WARN_UNGUARDED_AVAILABILITY = YES_AGGRESSIVE;
				CLANG_WARN_UNREACHABLE_CODE = YES;
				CLANG_WARN__DUPLICATE_METHOD_MATCH = YES;
				COPY_PHASE_STRIP = NO;
				DEBUG_INFORMATION_FORMAT = dwarf;
				ENABLE_STRICT_OBJC_MSGSEND = YES;
				ENABLE_TESTABILITY = YES;
				ENABLE_USER_SCRIPT_SANDBOXING = YES;
				GCC_C_LANGUAGE_STANDARD = gnu17;
				GCC_DYNAMIC_NO_PIC = NO;
				GCC_NO_COMMON_BLOCKS = YES;
				GCC_OPTIMIZATION_LEVEL = 0;
				GCC_PREPROCESSOR_DEFINITIONS = (
					"DEBUG=1",
					"$(inherited)",
				);
				GCC_WARN_64_TO_32_BIT_CONVERSION = YES;
				GCC_WARN_ABOUT_RETURN_TYPE = YES_ERROR;
				GCC_WARN_UNDECLARED_SELECTOR = YES;
				GCC_WARN_UNINITIALIZED_AUTOS = YES_AGGRESSIVE;
				GCC_WARN_UNUSED_FUNCTION = YES;
				GCC_WARN_UNUSED_VARIABLE = YES;
				IPHONEOS_DEPLOYMENT_TARGET = 17.0;
				LOCALIZATION_PREFERS_STRING_CATALOGS = YES;
				MTL_ENABLE_DEBUG_INFO = INCLUDE_SOURCE;
				MTL_FAST_MATH = YES;
				ONLY_ACTIVE_ARCH = YES;
				SDKROOT = iphoneos;
				SWIFT_ACTIVE_COMPILATION_CONDITIONS = "DEBUG $(inherited)";
				SWIFT_OPTIMIZATION_LEVEL = "-Onone";
			};
			name = Debug;
		};
		25C1898B2ADA908B007A4684 /* Release */ = {
			isa = XCBuildConfiguration;
			buildSettings = {
				ALWAYS_SEARCH_USER_PATHS = NO;
				ASSETCATALOG_COMPILER_GENERATE_SWIFT_ASSET_SYMBOL_EXTENSIONS = YES;
				CLANG_ANALYZER_NONNULL = YES;
				CLANG_ANALYZER_NUMBER_OBJECT_CONVERSION = YES_AGGRESSIVE;
				CLANG_CXX_LANGUAGE_STANDARD = "gnu++20";
				CLANG_ENABLE_MODULES = YES;
				CLANG_ENABLE_OBJC_ARC = YES;
				CLANG_ENABLE_OBJC_WEAK = YES;
				CLANG_WARN_BLOCK_CAPTURE_AUTORELEASING = YES;
				CLANG_WARN_BOOL_CONVERSION = YES;
				CLANG_WARN_COMMA = YES;
				CLANG_WARN_CONSTANT_CONVERSION = YES;
				CLANG_WARN_DEPRECATED_OBJC_IMPLEMENTATIONS = YES;
				CLANG_WARN_DIRECT_OBJC_ISA_USAGE = YES_ERROR;
				CLANG_WARN_DOCUMENTATION_COMMENTS = YES;
				CLANG_WARN_EMPTY_BODY = YES;
				CLANG_WARN_ENUM_CONVERSION = YES;
				CLANG_WARN_INFINITE_RECURSION = YES;
				CLANG_WARN_INT_CONVERSION = YES;
				CLANG_WARN_NON_LITERAL_NULL_CONVERSION = YES;
				CLANG_WARN_OBJC_IMPLICIT_RETAIN_SELF = YES;
				CLANG_WARN_OBJC_LITERAL_CONVERSION = YES;
				CLANG_WARN_OBJC_ROOT_CLASS = YES_ERROR;
				CLANG_WARN_QUOTED_INCLUDE_IN_FRAMEWORK_HEADER = YES;
				CLANG_WARN_RANGE_LOOP_ANALYSIS = YES;
				CLANG_WARN_STRICT_PROTOTYPES = YES;
				CLANG_WARN_SUSPICIOUS_MOVE = YES;
				CLANG_WARN_UNGUARDED_AVAILABILITY = YES_AGGRESSIVE;
				CLANG_WARN_UNREACHABLE_CODE = YES;
				CLANG_WARN__DUPLICATE_METHOD_MATCH = YES;
				COPY_PHASE_STRIP = NO;
				DEBUG_INFORMATION_FORMAT = "dwarf-with-dsym";
				ENABLE_NS_ASSERTIONS = NO;
				ENABLE_STRICT_OBJC_MSGSEND = YES;
				ENABLE_USER_SCRIPT_SANDBOXING = YES;
				GCC_C_LANGUAGE_STANDARD = gnu17;
				GCC_NO_COMMON_BLOCKS = YES;
				GCC_WARN_64_TO_32_BIT_CONVERSION = YES;
				GCC_WARN_ABOUT_RETURN_TYPE = YES_ERROR;
				GCC_WARN_UNDECLARED_SELECTOR = YES;
				GCC_WARN_UNINITIALIZED_AUTOS = YES_AGGRESSIVE;
				GCC_WARN_UNUSED_FUNCTION = YES;
				GCC_WARN_UNUSED_VARIABLE = YES;
				IPHONEOS_DEPLOYMENT_TARGET = 17.0;
				LOCALIZATION_PREFERS_STRING_CATALOGS = YES;
				MTL_ENABLE_DEBUG_INFO = NO;
				MTL_FAST_MATH = YES;
				SDKROOT = iphoneos;
				SWIFT_COMPILATION_MODE = wholemodule;
				VALIDATE_PRODUCT = YES;
			};
			name = Release;
		};
		25C1898D2ADA908B007A4684 /* Debug */ = {
			isa = XCBuildConfiguration;
			buildSettings = {
				ASSETCATALOG_COMPILER_APPICON_NAME = AppIcon;
				ASSETCATALOG_COMPILER_GLOBAL_ACCENT_COLOR_NAME = AccentColor;
				CODE_SIGN_STYLE = Automatic;
				CURRENT_PROJECT_VERSION = 1;
				DEVELOPMENT_ASSET_PATHS = "\"ToastNotification/Preview Content\"";
				ENABLE_PREVIEWS = YES;
				GENERATE_INFOPLIST_FILE = YES;
				INFOPLIST_KEY_UIApplicationSceneManifest_Generation = YES;
				INFOPLIST_KEY_UIApplicationSupportsIndirectInputEvents = YES;
				INFOPLIST_KEY_UILaunchScreen_Generation = YES;
				INFOPLIST_KEY_UISupportedInterfaceOrientations_iPad = "UIInterfaceOrientationPortrait UIInterfaceOrientationPortraitUpsideDown UIInterfaceOrientationLandscapeLeft UIInterfaceOrientationLandscapeRight";
				INFOPLIST_KEY_UISupportedInterfaceOrientations_iPhone = "UIInterfaceOrientationPortrait UIInterfaceOrientationLandscapeLeft UIInterfaceOrientationLandscapeRight";
				LD_RUNPATH_SEARCH_PATHS = (
					"$(inherited)",
					"@executable_path/Frameworks",
				);
				MARKETING_VERSION = 1.0;
				PRODUCT_BUNDLE_IDENTIFIER = kmikec20.ToastNotification;
				PRODUCT_NAME = "$(TARGET_NAME)";
				SWIFT_EMIT_LOC_STRINGS = YES;
				SWIFT_VERSION = 5.0;
				TARGETED_DEVICE_FAMILY = "1,2";
			};
			name = Debug;
		};
		25C1898E2ADA908B007A4684 /* Release */ = {
			isa = XCBuildConfiguration;
			buildSettings = {
				ASSETCATALOG_COMPILER_APPICON_NAME = AppIcon;
				ASSETCATALOG_COMPILER_GLOBAL_ACCENT_COLOR_NAME = AccentColor;
				CODE_SIGN_STYLE = Automatic;
				CURRENT_PROJECT_VERSION = 1;
				DEVELOPMENT_ASSET_PATHS = "\"ToastNotification/Preview Content\"";
				ENABLE_PREVIEWS = YES;
				GENERATE_INFOPLIST_FILE = YES;
				INFOPLIST_KEY_UIApplicationSceneManifest_Generation = YES;
				INFOPLIST_KEY_UIApplicationSupportsIndirectInputEvents = YES;
				INFOPLIST_KEY_UILaunchScreen_Generation = YES;
				INFOPLIST_KEY_UISupportedInterfaceOrientations_iPad = "UIInterfaceOrientationPortrait UIInterfaceOrientationPortraitUpsideDown UIInterfaceOrientationLandscapeLeft UIInterfaceOrientationLandscapeRight";
				INFOPLIST_KEY_UISupportedInterfaceOrientations_iPhone = "UIInterfaceOrientationPortrait UIInterfaceOrientationLandscapeLeft UIInterfaceOrientationLandscapeRight";
				LD_RUNPATH_SEARCH_PATHS = (
					"$(inherited)",
					"@executable_path/Frameworks",
				);
				MARKETING_VERSION = 1.0;
				PRODUCT_BUNDLE_IDENTIFIER = kmikec20.ToastNotification;
				PRODUCT_NAME = "$(TARGET_NAME)";
				SWIFT_EMIT_LOC_STRINGS = YES;
				SWIFT_VERSION = 5.0;
				TARGETED_DEVICE_FAMILY = "1,2";
			};
			name = Release;
		};
		25C189902ADA908B007A4684 /* Debug */ = {
			isa = XCBuildConfiguration;
			buildSettings = {
				ALWAYS_EMBED_SWIFT_STANDARD_LIBRARIES = YES;
				BUNDLE_LOADER = "$(TEST_HOST)";
				CODE_SIGN_STYLE = Automatic;
				CURRENT_PROJECT_VERSION = 1;
				GENERATE_INFOPLIST_FILE = YES;
				IPHONEOS_DEPLOYMENT_TARGET = 17.0;
				MARKETING_VERSION = 1.0;
				PRODUCT_BUNDLE_IDENTIFIER = kmikec20.ToastNotificationTests;
				PRODUCT_NAME = "$(TARGET_NAME)";
				SWIFT_EMIT_LOC_STRINGS = NO;
				SWIFT_VERSION = 5.0;
				TARGETED_DEVICE_FAMILY = "1,2";
				TEST_HOST = "$(BUILT_PRODUCTS_DIR)/ToastNotification.app/$(BUNDLE_EXECUTABLE_FOLDER_PATH)/ToastNotification";
			};
			name = Debug;
		};
		25C189912ADA908B007A4684 /* Release */ = {
			isa = XCBuildConfiguration;
			buildSettings = {
				ALWAYS_EMBED_SWIFT_STANDARD_LIBRARIES = YES;
				BUNDLE_LOADER = "$(TEST_HOST)";
				CODE_SIGN_STYLE = Automatic;
				CURRENT_PROJECT_VERSION = 1;
				GENERATE_INFOPLIST_FILE = YES;
				IPHONEOS_DEPLOYMENT_TARGET = 17.0;
				MARKETING_VERSION = 1.0;
				PRODUCT_BUNDLE_IDENTIFIER = kmikec20.ToastNotificationTests;
				PRODUCT_NAME = "$(TARGET_NAME)";
				SWIFT_EMIT_LOC_STRINGS = NO;
				SWIFT_VERSION = 5.0;
				TARGETED_DEVICE_FAMILY = "1,2";
				TEST_HOST = "$(BUILT_PRODUCTS_DIR)/ToastNotification.app/$(BUNDLE_EXECUTABLE_FOLDER_PATH)/ToastNotification";
			};
			name = Release;
		};
		25C189932ADA908B007A4684 /* Debug */ = {
			isa = XCBuildConfiguration;
			buildSettings = {
				ALWAYS_EMBED_SWIFT_STANDARD_LIBRARIES = YES;
				CODE_SIGN_STYLE = Automatic;
				CURRENT_PROJECT_VERSION = 1;
				GENERATE_INFOPLIST_FILE = YES;
				MARKETING_VERSION = 1.0;
				PRODUCT_BUNDLE_IDENTIFIER = kmikec20.ToastNotificationUITests;
				PRODUCT_NAME = "$(TARGET_NAME)";
				SWIFT_EMIT_LOC_STRINGS = NO;
				SWIFT_VERSION = 5.0;
				TARGETED_DEVICE_FAMILY = "1,2";
				TEST_TARGET_NAME = ToastNotification;
			};
			name = Debug;
		};
		25C189942ADA908B007A4684 /* Release */ = {
			isa = XCBuildConfiguration;
			buildSettings = {
				ALWAYS_EMBED_SWIFT_STANDARD_LIBRARIES = YES;
				CODE_SIGN_STYLE = Automatic;
				CURRENT_PROJECT_VERSION = 1;
				GENERATE_INFOPLIST_FILE = YES;
				MARKETING_VERSION = 1.0;
				PRODUCT_BUNDLE_IDENTIFIER = kmikec20.ToastNotificationUITests;
				PRODUCT_NAME = "$(TARGET_NAME)";
				SWIFT_EMIT_LOC_STRINGS = NO;
				SWIFT_VERSION = 5.0;
				TARGETED_DEVICE_FAMILY = "1,2";
				TEST_TARGET_NAME = ToastNotification;
			};
			name = Release;
		};
/* End XCBuildConfiguration section */

/* Begin XCConfigurationList section */
		25C189632ADA9089007A4684 /* Build configuration list for PBXProject "ToastNotification" */ = {
			isa = XCConfigurationList;
			buildConfigurations = (
				25C1898A2ADA908B007A4684 /* Debug */,
				25C1898B2ADA908B007A4684 /* Release */,
			);
			defaultConfigurationIsVisible = 0;
			defaultConfigurationName = Release;
		};
		25C1898C2ADA908B007A4684 /* Build configuration list for PBXNativeTarget "ToastNotification" */ = {
			isa = XCConfigurationList;
			buildConfigurations = (
				25C1898D2ADA908B007A4684 /* Debug */,
				25C1898E2ADA908B007A4684 /* Release */,
			);
			defaultConfigurationIsVisible = 0;
			defaultConfigurationName = Release;
		};
		25C1898F2ADA908B007A4684 /* Build configuration list for PBXNativeTarget "ToastNotificationTests" */ = {
			isa = XCConfigurationList;
			buildConfigurations = (
				25C189902ADA908B007A4684 /* Debug */,
				25C189912ADA908B007A4684 /* Release */,
			);
			defaultConfigurationIsVisible = 0;
			defaultConfigurationName = Release;
		};
		25C189922ADA908B007A4684 /* Build configuration list for PBXNativeTarget "ToastNotificationUITests" */ = {
			isa = XCConfigurationList;
			buildConfigurations = (
				25C189932ADA908B007A4684 /* Debug */,
				25C189942ADA908B007A4684 /* Release */,
			);
			defaultConfigurationIsVisible = 0;
			defaultConfigurationName = Release;
		};
/* End XCConfigurationList section */

/* Begin XCRemoteSwiftPackageReference section */
		25C189952ADAA25F007A4684 /* XCRemoteSwiftPackageReference "SimpleToast" */ = {
			isa = XCRemoteSwiftPackageReference;
			repositoryURL = "https://github.com/sanzaru/SimpleToast.git";
			requirement = {
				kind = upToNextMajorVersion;
				minimumVersion = 0.8.0;
			};
		};
/* End XCRemoteSwiftPackageReference section */

/* Begin XCSwiftPackageProductDependency section */
		25C189962ADAA260007A4684 /* SimpleToast */ = {
			isa = XCSwiftPackageProductDependency;
			package = 25C189952ADAA25F007A4684 /* XCRemoteSwiftPackageReference "SimpleToast" */;
			productName = SimpleToast;
		};
/* End XCSwiftPackageProductDependency section */
	};
	rootObject = 25C189602ADA9089007A4684 /* Project object */;
}
